
Microsoft Visual Studio Solution File, Format Version 12.00
# Visual Studio Version 16
VisualStudioVersion = 16.0.30320.27
MinimumVisualStudioVersion = 10.0.40219.1
Project("{FAE04EC0-301F-11D3-BF4B-00C04F79EFBC}") = "01.PasswordDecryption", "01.PasswordDecryption\01.PasswordDecryption.csproj", "{BDA87868-F31A-4CEF-9919-1B1DA0AA4863}"
EndProject
Project("{FAE04EC0-301F-11D3-BF4B-00C04F79EFBC}") = "02.StringAnagram", "02.StringAnagram\02.StringAnagram.csproj", "{54BCB8ED-D2E7-42CD-A41E-75A6CF1354B4}"
EndProject
Global
	GlobalSection(SolutionConfigurationPlatforms) = preSolution
		Debug|Any CPU = Debug|Any CPU
		Release|Any CPU = Release|Any CPU
	EndGlobalSection
	GlobalSection(ProjectConfigurationPlatforms) = postSolution
		{BDA87868-F31A-4CEF-9919-1B1DA0AA4863}.Debug|Any CPU.ActiveCfg = Debug|Any CPU
		{BDA87868-F31A-4CEF-9919-1B1DA0AA4863}.Debug|Any CPU.Build.0 = Debug|Any CPU
		{BDA87868-F31A-4CEF-9919-1B1DA0AA4863}.Release|Any CPU.ActiveCfg = Release|Any CPU
		{BDA87868-F31A-4CEF-9919-1B1DA0AA4863}.Release|Any CPU.Build.0 = Release|Any CPU
		{54BCB8ED-D2E7-42CD-A41E-75A6CF1354B4}.Debug|Any CPU.ActiveCfg = Debug|Any CPU
		{54BCB8ED-D2E7-42CD-A41E-75A6CF1354B4}.Debug|Any CPU.Build.0 = Debug|Any CPU
		{54BCB8ED-D2E7-42CD-A41E-75A6CF1354B4}.Release|Any CPU.ActiveCfg = Release|Any CPU
		{54BCB8ED-D2E7-42CD-A41E-75A6CF1354B4}.Release|Any CPU.Build.0 = Release|Any CPU
	EndGlobalSection
	GlobalSection(SolutionProperties) = preSolution
		HideSolutionNode = FALSE
	EndGlobalSection
	GlobalSection(ExtensibilityGlobals) = postSolution
		SolutionGuid = {592499EE-0CA4-4AA9-BC1E-989C7080EF0F}
	EndGlobalSection
EndGlobal
